
Microsoft Visual Studio Solution File, Format Version 12.00
# Visual Studio Version 17
VisualStudioVersion = 17.5.33530.505
MinimumVisualStudioVersion = 10.0.40219.1
Project("{FAE04EC0-301F-11D3-BF4B-00C04F79EFBC}") = "DVLD", "DVLD.csproj", "{77F14716-65AF-4C28-92E4-16AB33BB2D53}"
EndProject
Project("{FAE04EC0-301F-11D3-BF4B-00C04F79EFBC}") = "DVLD_Buisness", "..\DVLD_Buisness\DVLD_Buisness.csproj", "{46A8427B-DCFC-4DAF-A14C-E3F4789A993D}"
EndProject
Project("{FAE04EC0-301F-11D3-BF4B-00C04F79EFBC}") = "DVLD_DataAccess", "..\DVLD_DataAccess\DVLD_DataAccess.csproj", "{C1BE28AD-D036-4C77-964C-9EE4ACC6727A}"
EndProject
Global
	GlobalSection(SolutionConfigurationPlatforms) = preSolution
		Debug|Any CPU = Debug|Any CPU
		Release|Any CPU = Release|Any CPU
	EndGlobalSection
	GlobalSection(ProjectConfigurationPlatforms) = postSolution
		{77F14716-65AF-4C28-92E4-16AB33BB2D53}.Debug|Any CPU.ActiveCfg = Debug|Any CPU
		{77F14716-65AF-4C28-92E4-16AB33BB2D53}.Debug|Any CPU.Build.0 = Debug|Any CPU
		{77F14716-65AF-4C28-92E4-16AB33BB2D53}.Release|Any CPU.ActiveCfg = Release|Any CPU
		{77F14716-65AF-4C28-92E4-16AB33BB2D53}.Release|Any CPU.Build.0 = Release|Any CPU
		{46A8427B-DCFC-4DAF-A14C-E3F4789A993D}.Debug|Any CPU.ActiveCfg = Debug|Any CPU
		{46A8427B-DCFC-4DAF-A14C-E3F4789A993D}.Debug|Any CPU.Build.0 = Debug|Any CPU
		{46A8427B-DCFC-4DAF-A14C-E3F4789A993D}.Release|Any CPU.ActiveCfg = Release|Any CPU
		{46A8427B-DCFC-4DAF-A14C-E3F4789A993D}.Release|Any CPU.Build.0 = Release|Any CPU
		{C1BE28AD-D036-4C77-964C-9EE4ACC6727A}.Debug|Any CPU.ActiveCfg = Debug|Any CPU
		{C1BE28AD-D036-4C77-964C-9EE4ACC6727A}.Debug|Any CPU.Build.0 = Debug|Any CPU
		{C1BE28AD-D036-4C77-964C-9EE4ACC6727A}.Release|Any CPU.ActiveCfg = Release|Any CPU
		{C1BE28AD-D036-4C77-964C-9EE4ACC6727A}.Release|Any CPU.Build.0 = Release|Any CPU
	EndGlobalSection
	GlobalSection(SolutionProperties) = preSolution
		HideSolutionNode = FALSE
	EndGlobalSection
	GlobalSection(ExtensibilityGlobals) = postSolution
		SolutionGuid = {B6EE0928-0408-4651-9C0F-4A7CBFCC6FF9}
	EndGlobalSection
EndGlobal
